
Microsoft Visual Studio Solution File, Format Version 12.00
# Visual Studio Version 17
VisualStudioVersion = 17.14.36603.0 d17.14
MinimumVisualStudioVersion = 10.0.40219.1
Project("{FAE04EC0-301F-11D3-BF4B-00C04F79EFBC}") = "3DVektori", "3DVektori.csproj", "{388EABA9-0FD4-44F2-B272-3EDD5D3D4D92}"
EndProject
Global
	GlobalSection(SolutionConfigurationPlatforms) = preSolution
		Debug|Any CPU = Debug|Any CPU
		Release|Any CPU = Release|Any CPU
	EndGlobalSection
	GlobalSection(ProjectConfigurationPlatforms) = postSolution
		{388EABA9-0FD4-44F2-B272-3EDD5D3D4D92}.Debug|Any CPU.ActiveCfg = Debug|Any CPU
		{388EABA9-0FD4-44F2-B272-3EDD5D3D4D92}.Debug|Any CPU.Build.0 = Debug|Any CPU
		{388EABA9-0FD4-44F2-B272-3EDD5D3D4D92}.Release|Any CPU.ActiveCfg = Release|Any CPU
		{388EABA9-0FD4-44F2-B272-3EDD5D3D4D92}.Release|Any CPU.Build.0 = Release|Any CPU
	EndGlobalSection
	GlobalSection(SolutionProperties) = preSolution
		HideSolutionNode = FALSE
	EndGlobalSection
	GlobalSection(ExtensibilityGlobals) = postSolution
		SolutionGuid = {6A0843FF-0C37-4C04-A7CE-31D12E5CE7E2}
	EndGlobalSection
EndGlobal
